dependencies:
  espressif/cbor:
    component_hash: 
      dad9ca860963e930366510a10b422b3125a4fb27b979712ed65efcbcd742de50
    dependencies:
    - name: idf
      require: private
      version: '>=5.0'
    source:
      registry_url: https://components.espressif.com/
      type: service
    version: 0.6.1~4
  espressif/cjson:
    component_hash: 
      9372811fb197926f522c467627cf4a8e72b681e0366e17879631da801103aef3
    dependencies:
    - name: idf
      require: private
      version: '>=5.0'
    source:
      registry_url: https://components.espressif.com/
      type: service
    version: 1.7.19
  espressif/esp-serial-flasher:
    component_hash: 
      6f5d6859ce5b4a2d1a9eb42fa50aa1101096cb775cfea54440aab209bcb17c53
    dependencies:
    - name: idf
      require: private
      version: '>=4.3'
    - name: espressif/usb_host_cdc_acm
      registry_url: https://components.espressif.com
      require: private
      rules:
      - if: idf_version >=4.4
      - if: target in [esp32s2, esp32s3, esp32p4]
      version: ^2
    - name: espressif/usb_host_ch34x_vcp
      registry_url: https://components.espressif.com
      require: private
      rules:
      - if: idf_version >=4.4
      - if: target in [esp32s2, esp32s3, esp32p4]
      version: ^2.2
    - name: espressif/usb_host_cp210x_vcp
      registry_url: https://components.espressif.com
      require: private
      rules:
      - if: idf_version >=4.4
      - if: target in [esp32s2, esp32s3, esp32p4]
      version: ^2.2
    source:
      registry_url: https://components.espressif.com/
      type: service
    version: 1.11.0
  espressif/esp_websocket_client:
    component_hash: 
      c5a067a9fddea370c478017e66fac302f4b79c3d4027e9bdd42a019786cceb92
    dependencies:
    - name: idf
      require: private
      version: '>=5.0'
    source:
      registry_url: https://components.espressif.com/
      type: service
    version: 1.6.1
  espressif/led_strip:
    component_hash: 
      28c6509a727ef74925b372ed404772aeedf11cce10b78c3f69b3c66799095e2d
    dependencies:
    - name: idf
      require: private
      version: '>=4.4'
    source:
      registry_url: https://components.espressif.com/
      type: service
    version: 2.5.5
  espressif/usb_host_cdc_acm:
    component_hash: 
      71f9ae30021b1edb6f42980eb151ab24d0b602b8463861569a151b5254ba1e4b
    dependencies:
    - name: idf
      require: private
      version: '>=5.0'
    - name: espressif/usb
      registry_url: https://components.espressif.com
      require: public
      rules:
      - if: idf_version >=6.0
      - if: target not in ["linux"]
      version: ^1.0.0
    source:
      registry_url: https://components.espressif.com
      type: service
    targets:
    - esp32s2
    - esp32s3
    - esp32p4
    - esp32h4
    - linux
    version: 2.3.0
  espressif/usb_host_ch34x_vcp:
    component_hash: 
      cc6f17936a11aa0ba460e716bd9b70fcd445824bcc7882afbe3ede3513f80c59
    dependencies:
    - name: idf
      require: private
      version: '>=4.4'
    - name: espressif/usb_host_cdc_acm
      registry_url: https://components.espressif.com
      require: public
      version: ^2.1.0
    source:
      registry_url: https://components.espressif.com
      type: service
    version: 2.2.0
  espressif/usb_host_cp210x_vcp:
    component_hash: 
      c0404c598e2620fe88c35b5bf24d8e3b3ded41d9946fc865843be7f2f75da40e
    dependencies:
    - name: espressif/usb_host_cdc_acm
      registry_url: https://components.espressif.com
      require: public
      version: ^2.1.0
    - name: idf
      require: private
      version: '>=4.4'
    source:
      registry_url: https://components.espressif.com
      type: service
    version: 2.2.0
  idf:
    source:
      type: idf
    version: 5.5.2
direct_dependencies:
- espressif/cbor
- espressif/cjson
- espressif/esp-serial-flasher
- espressif/esp_websocket_client
- espressif/led_strip
- idf
manifest_hash: 5c373128c9022daa3f8fa95cd5331247a7c68501e7307cb200fda5a51674905d
target: esp32s3
version: 2.0.0
